
Microsoft Visual Studio Solution File, Format Version 12.00
# Visual Studio Version 16
VisualStudioVersion = 16.0.30907.101
MinimumVisualStudioVersion = 10.0.40219.1
Project("{FAE04EC0-301F-11D3-BF4B-00C04F79EFBC}") = "MethodCalling_assignment", "MethodCalling_assignment\MethodCalling_assignment.csproj", "{D61FA485-56EE-4ADB-A64B-A607458A2636}"
EndProject
Global
	GlobalSection(SolutionConfigurationPlatforms) = preSolution
		Debug|Any CPU = Debug|Any CPU
		Release|Any CPU = Release|Any CPU
	EndGlobalSection
	GlobalSection(ProjectConfigurationPlatforms) = postSolution
		{D61FA485-56EE-4ADB-A64B-A607458A2636}.Debug|Any CPU.ActiveCfg = Debug|Any CPU
		{D61FA485-56EE-4ADB-A64B-A607458A2636}.Debug|Any CPU.Build.0 = Debug|Any CPU
		{D61FA485-56EE-4ADB-A64B-A607458A2636}.Release|Any CPU.ActiveCfg = Release|Any CPU
		{D61FA485-56EE-4ADB-A64B-A607458A2636}.Release|Any CPU.Build.0 = Release|Any CPU
	EndGlobalSection
	GlobalSection(SolutionProperties) = preSolution
		HideSolutionNode = FALSE
	EndGlobalSection
	GlobalSection(ExtensibilityGlobals) = postSolution
		SolutionGuid = {4FB33D06-4E9B-4198-8191-D9F898E02A91}
	EndGlobalSection
EndGlobal
