
Microsoft Visual Studio Solution File, Format Version 12.00
# Visual Studio Version 16
VisualStudioVersion = 16.0.30907.101
MinimumVisualStudioVersion = 10.0.40219.1
Project("{FAE04EC0-301F-11D3-BF4B-00C04F79EFBC}") = "DateTimeAssignment", "DateTimeAssignment\DateTimeAssignment.csproj", "{AC1C2C37-1D2C-4E35-A8F2-9D4C4383C5ED}"
EndProject
Global
	GlobalSection(SolutionConfigurationPlatforms) = preSolution
		Debug|Any CPU = Debug|Any CPU
		Release|Any CPU = Release|Any CPU
	EndGlobalSection
	GlobalSection(ProjectConfigurationPlatforms) = postSolution
		{AC1C2C37-1D2C-4E35-A8F2-9D4C4383C5ED}.Debug|Any CPU.ActiveCfg = Debug|Any CPU
		{AC1C2C37-1D2C-4E35-A8F2-9D4C4383C5ED}.Debug|Any CPU.Build.0 = Debug|Any CPU
		{AC1C2C37-1D2C-4E35-A8F2-9D4C4383C5ED}.Release|Any CPU.ActiveCfg = Release|Any CPU
		{AC1C2C37-1D2C-4E35-A8F2-9D4C4383C5ED}.Release|Any CPU.Build.0 = Release|Any CPU
	EndGlobalSection
	GlobalSection(SolutionProperties) = preSolution
		HideSolutionNode = FALSE
	EndGlobalSection
	GlobalSection(ExtensibilityGlobals) = postSolution
		SolutionGuid = {B3F0B2EE-F928-4BD6-9942-971C16B94761}
	EndGlobalSection
EndGlobal
