
Microsoft Visual Studio Solution File, Format Version 12.00
# Visual Studio Version 16
VisualStudioVersion = 16.0.30907.101
MinimumVisualStudioVersion = 10.0.40219.1
Project("{FAE04EC0-301F-11D3-BF4B-00C04F79EFBC}") = "CodeFirstStudentDbConsole", "CodeFirstStudentDbConsole\CodeFirstStudentDbConsole.csproj", "{9196F0FE-C57E-45A9-9771-E5E2A309BF6B}"
EndProject
Global
	GlobalSection(SolutionConfigurationPlatforms) = preSolution
		Debug|Any CPU = Debug|Any CPU
		Release|Any CPU = Release|Any CPU
	EndGlobalSection
	GlobalSection(ProjectConfigurationPlatforms) = postSolution
		{9196F0FE-C57E-45A9-9771-E5E2A309BF6B}.Debug|Any CPU.ActiveCfg = Debug|Any CPU
		{9196F0FE-C57E-45A9-9771-E5E2A309BF6B}.Debug|Any CPU.Build.0 = Debug|Any CPU
		{9196F0FE-C57E-45A9-9771-E5E2A309BF6B}.Release|Any CPU.ActiveCfg = Release|Any CPU
		{9196F0FE-C57E-45A9-9771-E5E2A309BF6B}.Release|Any CPU.Build.0 = Release|Any CPU
	EndGlobalSection
	GlobalSection(SolutionProperties) = preSolution
		HideSolutionNode = FALSE
	EndGlobalSection
	GlobalSection(ExtensibilityGlobals) = postSolution
		SolutionGuid = {DFAB30BA-D3B7-47C7-A601-E9E178032495}
	EndGlobalSection
EndGlobal
