
Microsoft Visual Studio Solution File, Format Version 12.00
# Visual Studio Version 16
VisualStudioVersion = 16.0.30907.101
MinimumVisualStudioVersion = 10.0.40219.1
Project("{FAE04EC0-301F-11D3-BF4B-00C04F79EFBC}") = "ClassesAndObjectsBlackJack_GreatResource", "ClassesAndObjectsBlackJack_GreatResource\ClassesAndObjectsBlackJack_GreatResource.csproj", "{54EC5FEB-4FD5-4289-8ADB-D6203543BCEE}"
EndProject
Project("{FAE04EC0-301F-11D3-BF4B-00C04F79EFBC}") = "CardGames", "CardGames\CardGames.csproj", "{C5350F4D-FA39-4145-8965-358E0D75E752}"
EndProject
Global
	GlobalSection(SolutionConfigurationPlatforms) = preSolution
		Debug|Any CPU = Debug|Any CPU
		Release|Any CPU = Release|Any CPU
	EndGlobalSection
	GlobalSection(ProjectConfigurationPlatforms) = postSolution
		{54EC5FEB-4FD5-4289-8ADB-D6203543BCEE}.Debug|Any CPU.ActiveCfg = Debug|Any CPU
		{54EC5FEB-4FD5-4289-8ADB-D6203543BCEE}.Debug|Any CPU.Build.0 = Debug|Any CPU
		{54EC5FEB-4FD5-4289-8ADB-D6203543BCEE}.Release|Any CPU.ActiveCfg = Release|Any CPU
		{54EC5FEB-4FD5-4289-8ADB-D6203543BCEE}.Release|Any CPU.Build.0 = Release|Any CPU
		{C5350F4D-FA39-4145-8965-358E0D75E752}.Debug|Any CPU.ActiveCfg = Debug|Any CPU
		{C5350F4D-FA39-4145-8965-358E0D75E752}.Debug|Any CPU.Build.0 = Debug|Any CPU
		{C5350F4D-FA39-4145-8965-358E0D75E752}.Release|Any CPU.ActiveCfg = Release|Any CPU
		{C5350F4D-FA39-4145-8965-358E0D75E752}.Release|Any CPU.Build.0 = Release|Any CPU
	EndGlobalSection
	GlobalSection(SolutionProperties) = preSolution
		HideSolutionNode = FALSE
	EndGlobalSection
	GlobalSection(ExtensibilityGlobals) = postSolution
		SolutionGuid = {886BC8A4-2D4B-4433-8B5C-421022D71561}
	EndGlobalSection
EndGlobal
