
Microsoft Visual Studio Solution File, Format Version 12.00
# Visual Studio Version 16
VisualStudioVersion = 16.0.30907.101
MinimumVisualStudioVersion = 10.0.40219.1
Project("{FAE04EC0-301F-11D3-BF4B-00C04F79EFBC}") = "TRYCatchAssignment", "TRYCatchAssignment\TRYCatchAssignment.csproj", "{672AF93D-9D53-400E-A22E-49484B635152}"
EndProject
Global
	GlobalSection(SolutionConfigurationPlatforms) = preSolution
		Debug|Any CPU = Debug|Any CPU
		Release|Any CPU = Release|Any CPU
	EndGlobalSection
	GlobalSection(ProjectConfigurationPlatforms) = postSolution
		{672AF93D-9D53-400E-A22E-49484B635152}.Debug|Any CPU.ActiveCfg = Debug|Any CPU
		{672AF93D-9D53-400E-A22E-49484B635152}.Debug|Any CPU.Build.0 = Debug|Any CPU
		{672AF93D-9D53-400E-A22E-49484B635152}.Release|Any CPU.ActiveCfg = Release|Any CPU
		{672AF93D-9D53-400E-A22E-49484B635152}.Release|Any CPU.Build.0 = Release|Any CPU
	EndGlobalSection
	GlobalSection(SolutionProperties) = preSolution
		HideSolutionNode = FALSE
	EndGlobalSection
	GlobalSection(ExtensibilityGlobals) = postSolution
		SolutionGuid = {5F22237B-BB4C-4AF9-BA94-A9C84B6918C1}
	EndGlobalSection
EndGlobal
