
Microsoft Visual Studio Solution File, Format Version 12.00
# Visual Studio Version 16
VisualStudioVersion = 16.0.30907.101
MinimumVisualStudioVersion = 10.0.40219.1
Project("{FAE04EC0-301F-11D3-BF4B-00C04F79EFBC}") = "OperatorOverload", "OperatorOverload\OperatorOverload.csproj", "{7F45AE52-6D55-4BF5-8A81-DE1FB9C737CA}"
EndProject
Global
	GlobalSection(SolutionConfigurationPlatforms) = preSolution
		Debug|Any CPU = Debug|Any CPU
		Release|Any CPU = Release|Any CPU
	EndGlobalSection
	GlobalSection(ProjectConfigurationPlatforms) = postSolution
		{7F45AE52-6D55-4BF5-8A81-DE1FB9C737CA}.Debug|Any CPU.ActiveCfg = Debug|Any CPU
		{7F45AE52-6D55-4BF5-8A81-DE1FB9C737CA}.Debug|Any CPU.Build.0 = Debug|Any CPU
		{7F45AE52-6D55-4BF5-8A81-DE1FB9C737CA}.Release|Any CPU.ActiveCfg = Release|Any CPU
		{7F45AE52-6D55-4BF5-8A81-DE1FB9C737CA}.Release|Any CPU.Build.0 = Release|Any CPU
	EndGlobalSection
	GlobalSection(SolutionProperties) = preSolution
		HideSolutionNode = FALSE
	EndGlobalSection
	GlobalSection(ExtensibilityGlobals) = postSolution
		SolutionGuid = {69B9290C-4ADB-456F-81FC-AA2BE5DDB9EC}
	EndGlobalSection
EndGlobal
