
Microsoft Visual Studio Solution File, Format Version 12.00
# Visual Studio Version 16
VisualStudioVersion = 16.0.30907.101
MinimumVisualStudioVersion = 10.0.40219.1
Project("{FAE04EC0-301F-11D3-BF4B-00C04F79EFBC}") = "PackageShippingQuote", "PackageShippingQuote\PackageShippingQuote.csproj", "{A1F393D7-2FCE-4600-BC97-5436FC0B402F}"
EndProject
Global
	GlobalSection(SolutionConfigurationPlatforms) = preSolution
		Debug|Any CPU = Debug|Any CPU
		Release|Any CPU = Release|Any CPU
	EndGlobalSection
	GlobalSection(ProjectConfigurationPlatforms) = postSolution
		{A1F393D7-2FCE-4600-BC97-5436FC0B402F}.Debug|Any CPU.ActiveCfg = Debug|Any CPU
		{A1F393D7-2FCE-4600-BC97-5436FC0B402F}.Debug|Any CPU.Build.0 = Debug|Any CPU
		{A1F393D7-2FCE-4600-BC97-5436FC0B402F}.Release|Any CPU.ActiveCfg = Release|Any CPU
		{A1F393D7-2FCE-4600-BC97-5436FC0B402F}.Release|Any CPU.Build.0 = Release|Any CPU
	EndGlobalSection
	GlobalSection(SolutionProperties) = preSolution
		HideSolutionNode = FALSE
	EndGlobalSection
	GlobalSection(ExtensibilityGlobals) = postSolution
		SolutionGuid = {0BC7183D-A188-4E53-BE82-83DB4965EA5B}
	EndGlobalSection
EndGlobal
