
Microsoft Visual Studio Solution File, Format Version 12.00
# Visual Studio Version 16
VisualStudioVersion = 16.0.30907.101
MinimumVisualStudioVersion = 10.0.40219.1
Project("{FAE04EC0-301F-11D3-BF4B-00C04F79EFBC}") = "BasicMath", "BasicMath\BasicMath.csproj", "{597F3943-DFC9-45B3-AB99-27DF116E51AE}"
EndProject
Global
	GlobalSection(SolutionConfigurationPlatforms) = preSolution
		Debug|Any CPU = Debug|Any CPU
		Release|Any CPU = Release|Any CPU
	EndGlobalSection
	GlobalSection(ProjectConfigurationPlatforms) = postSolution
		{597F3943-DFC9-45B3-AB99-27DF116E51AE}.Debug|Any CPU.ActiveCfg = Debug|Any CPU
		{597F3943-DFC9-45B3-AB99-27DF116E51AE}.Debug|Any CPU.Build.0 = Debug|Any CPU
		{597F3943-DFC9-45B3-AB99-27DF116E51AE}.Release|Any CPU.ActiveCfg = Release|Any CPU
		{597F3943-DFC9-45B3-AB99-27DF116E51AE}.Release|Any CPU.Build.0 = Release|Any CPU
	EndGlobalSection
	GlobalSection(SolutionProperties) = preSolution
		HideSolutionNode = FALSE
	EndGlobalSection
	GlobalSection(ExtensibilityGlobals) = postSolution
		SolutionGuid = {FD8BA45C-58ED-4622-A14B-C1F8133927A2}
	EndGlobalSection
EndGlobal
